
Microsoft Visual Studio Solution File, Format Version 12.00
# Visual Studio Version 16
VisualStudioVersion = 16.0.29418.71
MinimumVisualStudioVersion = 10.0.40219.1
Project("{FAE04EC0-301F-11D3-BF4B-00C04F79EFBC}") = "Lab7Regex", "Lab7Regex\Lab7Regex.csproj", "{5BC34F62-B9A0-430C-9689-36CDCE60343C}"
EndProject
Global
	GlobalSection(SolutionConfigurationPlatforms) = preSolution
		Debug|Any CPU = Debug|Any CPU
		Release|Any CPU = Release|Any CPU
	EndGlobalSection
	GlobalSection(ProjectConfigurationPlatforms) = postSolution
		{5BC34F62-B9A0-430C-9689-36CDCE60343C}.Debug|Any CPU.ActiveCfg = Debug|Any CPU
		{5BC34F62-B9A0-430C-9689-36CDCE60343C}.Debug|Any CPU.Build.0 = Debug|Any CPU
		{5BC34F62-B9A0-430C-9689-36CDCE60343C}.Release|Any CPU.ActiveCfg = Release|Any CPU
		{5BC34F62-B9A0-430C-9689-36CDCE60343C}.Release|Any CPU.Build.0 = Release|Any CPU
	EndGlobalSection
	GlobalSection(SolutionProperties) = preSolution
		HideSolutionNode = FALSE
	EndGlobalSection
	GlobalSection(ExtensibilityGlobals) = postSolution
		SolutionGuid = {2CB8B66E-A72A-4FF2-A88B-D8F21361B180}
	EndGlobalSection
EndGlobal
